
Microsoft Visual Studio Solution File, Format Version 12.00
# Visual Studio 15
VisualStudioVersion = 15.0.28307.168
MinimumVisualStudioVersion = 10.0.40219.1
Project("{FAE04EC0-301F-11D3-BF4B-00C04F79EFBC}") = "VideoOnDemand.UI", "VideoOnDemand.UI\VideoOnDemand.UI.csproj", "{29D36926-887B-4184-9387-A61B6420B344}"
EndProject
Project("{FAE04EC0-301F-11D3-BF4B-00C04F79EFBC}") = "VideoOnDemand.Data", "VideoOnDemand.Data\VideoOnDemand.Data.csproj", "{4E4827BB-9671-4B37-B7B9-3B8C72C03B8C}"
EndProject
Global
	GlobalSection(SolutionConfigurationPlatforms) = preSolution
		Debug|Any CPU = Debug|Any CPU
		Release|Any CPU = Release|Any CPU
	EndGlobalSection
	GlobalSection(ProjectConfigurationPlatforms) = postSolution
		{29D36926-887B-4184-9387-A61B6420B344}.Debug|Any CPU.ActiveCfg = Debug|Any CPU
		{29D36926-887B-4184-9387-A61B6420B344}.Debug|Any CPU.Build.0 = Debug|Any CPU
		{29D36926-887B-4184-9387-A61B6420B344}.Release|Any CPU.ActiveCfg = Release|Any CPU
		{29D36926-887B-4184-9387-A61B6420B344}.Release|Any CPU.Build.0 = Release|Any CPU
		{4E4827BB-9671-4B37-B7B9-3B8C72C03B8C}.Debug|Any CPU.ActiveCfg = Debug|Any CPU
		{4E4827BB-9671-4B37-B7B9-3B8C72C03B8C}.Debug|Any CPU.Build.0 = Debug|Any CPU
		{4E4827BB-9671-4B37-B7B9-3B8C72C03B8C}.Release|Any CPU.ActiveCfg = Release|Any CPU
		{4E4827BB-9671-4B37-B7B9-3B8C72C03B8C}.Release|Any CPU.Build.0 = Release|Any CPU
	EndGlobalSection
	GlobalSection(SolutionProperties) = preSolution
		HideSolutionNode = FALSE
	EndGlobalSection
	GlobalSection(ExtensibilityGlobals) = postSolution
		SolutionGuid = {D962158C-8C2A-4556-A126-7D9FC9F23A12}
	EndGlobalSection
EndGlobal
